// !$*UTF8*$!
{
	archiveVersion = 1;
	classes = {
	};
	objectVersion = 55;
	objects = {

/* Begin PBXBuildFile section */
		0EFF953227BE5171003F69D0 /* minesweeperApp.swift in Sources */ = {isa = PBXBuildFile; fileRef = 0EFF953127BE5171003F69D0 /* minesweeperApp.swift */; };
		0EFF953427BE5171003F69D0 /* ContentView.swift in Sources */ = {isa = PBXBuildFile; fileRef = 0EFF953327BE5171003F69D0 /* ContentView.swift */; };
		0EFF953627BE5175003F69D0 /* Assets.xcassets in Resources */ = {isa = PBXBuildFile; fileRef = 0EFF953527BE5175003F69D0 /* Assets.xcassets */; };
		0EFF953927BE5175003F69D0 /* Preview Assets.xcassets in Resources */ = {isa = PBXBuildFile; fileRef = 0EFF953827BE5175003F69D0 /* Preview Assets.xcassets */; };
		0EFF954327BE5175003F69D0 /* minesweeperTests.swift in Sources */ = {isa = PBXBuildFile; fileRef = 0EFF954227BE5175003F69D0 /* minesweeperTests.swift */; };
		0EFF954D27BE5175003F69D0 /* minesweeperUITests.swift in Sources */ = {isa = PBXBuildFile; fileRef = 0EFF954C27BE5175003F69D0 /* minesweeperUITests.swift */; };
		0EFF954F27BE5175003F69D0 /* minesweeperUITestsLaunchTests.swift in Sources */ = {isa = PBXBuildFile; fileRef = 0EFF954E27BE5175003F69D0 /* minesweeperUITestsLaunchTests.swift */; };
/* End PBXBuildFile section */

/* Begin PBXContainerItemProxy section */
		0EFF953F27BE5175003F69D0 /* PBXContainerItemProxy */ = {
			isa = PBXContainerItemProxy;
			containerPortal = 0EFF952627BE5171003F69D0 /* Project object */;
			proxyType = 1;
			remoteGlobalIDString = 0EFF952D27BE5171003F69D0;
			remoteInfo = minesweeper;
		};
		0EFF954927BE5175003F69D0 /* PBXContainerItemProxy */ = {
			isa = PBXContainerItemProxy;
			containerPortal = 0EFF952627BE5171003F69D0 /* Project object */;
			proxyType = 1;
			remoteGlobalIDString = 0EFF952D27BE5171003F69D0;
			remoteInfo = minesweeper;
		};
/* End PBXContainerItemProxy section */

/* Begin PBXFileReference section */
		0EFF952E27BE5171003F69D0 /* minesweeper.app */ = {isa = PBXFileReference; explicitFileType = wrapper.application; includeInIndex = 0; path = minesweeper.app; sourceTree = BUILT_PRODUCTS_DIR; };
		0EFF953127BE5171003F69D0 /* minesweeperApp.swift */ = {isa = PBXFileReference; lastKnownFileType = sourcecode.swift; path = minesweeperApp.swift; sourceTree = "<group>"; };
		0EFF953327BE5171003F69D0 /* ContentView.swift */ = {isa = PBXFileReference; lastKnownFileType = sourcecode.swift; path = ContentView.swift; sourceTree = "<group>"; };
		0EFF953527BE5175003F69D0 /* Assets.xcassets */ = {isa = PBXFileReference; lastKnownFileType = folder.assetcatalog; path = Assets.xcassets; sourceTree = "<group>"; };
		0EFF953827BE5175003F69D0 /* Preview Assets.xcassets */ = {isa = PBXFileReference; lastKnownFileType = folder.assetcatalog; path = "Preview Assets.xcassets"; sourceTree = "<group>"; };
		0EFF953E27BE5175003F69D0 /* minesweeperTests.xctest */ = {isa = PBXFileReference; explicitFileType = wrapper.cfbundle; includeInIndex = 0; path = minesweeperTests.xctest; sourceTree = BUILT_PRODUCTS_DIR; };
		0EFF954227BE5175003F69D0 /* minesweeperTests.swift */ = {isa = PBXFileReference; lastKnownFileType = sourcecode.swift; path = minesweeperTests.swift; sourceTree = "<group>"; };
		0EFF954827BE5175003F69D0 /* minesweeperUITests.xctest */ = {isa = PBXFileReference; explicitFileType = wrapper.cfbundle; includeInIndex = 0; path = minesweeperUITests.xctest; sourceTree = BUILT_PRODUCTS_DIR; };
		0EFF954C27BE5175003F69D0 /* minesweeperUITests.swift */ = {isa = PBXFileReference; lastKnownFileType = sourcecode.swift; path = minesweeperUITests.swift; sourceTree = "<group>"; };
		0EFF954E27BE5175003F69D0 /* minesweeperUITestsLaunchTests.swift */ = {isa = PBXFileReference; lastKnownFileType = sourcecode.swift; path = minesweeperUITestsLaunchTests.swift; sourceTree = "<group>"; };
/* End PBXFileReference section */

/* Begin PBXFrameworksBuildPhase section */
		0EFF952B27BE5171003F69D0 /* Frameworks */ = {
			isa = PBXFrameworksBuildPhase;
			buildActionMask = 2147483647;
			files = (
			);
			runOnlyForDeploymentPostprocessing = 0;
		};
		0EFF953B27BE5175003F69D0 /* Frameworks */ = {
			isa = PBXFrameworksBuildPhase;
			buildActionMask = 2147483647;
			files = (
			);
			runOnlyForDeploymentPostprocessing = 0;
		};
		0EFF954527BE5175003F69D0 /* Frameworks */ = {
			isa = PBXFrameworksBuildPhase;
			buildActionMask = 2147483647;
			files = (
			);
			runOnlyForDeploymentPostprocessing = 0;
		};
/* End PBXFrameworksBuildPhase section */

/* Begin PBXGroup section */
		0EFF952527BE5171003F69D0 = {
			isa = PBXGroup;
			children = (
				0EFF953027BE5171003F69D0 /* minesweeper */,
				0EFF954127BE5175003F69D0 /* minesweeperTests */,
				0EFF954B27BE5175003F69D0 /* minesweeperUITests */,
				0EFF952F27BE5171003F69D0 /* Products */,
			);
			sourceTree = "<group>";
		};
		0EFF952F27BE5171003F69D0 /* Products */ = {
			isa = PBXGroup;
			children = (
				0EFF952E27BE5171003F69D0 /* minesweeper.app */,
				0EFF953E27BE5175003F69D0 /* minesweeperTests.xctest */,
				0EFF954827BE5175003F69D0 /* minesweeperUITests.xctest */,
			);
			name = Products;
			sourceTree = "<group>";
		};
		0EFF953027BE5171003F69D0 /* minesweeper */ = {
			isa = PBXGroup;
			children = (
				0EFF953127BE5171003F69D0 /* minesweeperApp.swift */,
				0EFF953327BE5171003F69D0 /* ContentView.swift */,
				0EFF953527BE5175003F69D0 /* Assets.xcassets */,
				0EFF953727BE5175003F69D0 /* Preview Content */,
			);
			path = minesweeper;
			sourceTree = "<group>";
		};
		0EFF953727BE5175003F69D0 /* Preview Content */ = {
			isa = PBXGroup;
			children = (
				0EFF953827BE5175003F69D0 /* Preview Assets.xcassets */,
			);
			path = "Preview Content";
			sourceTree = "<group>";
		};
		0EFF954127BE5175003F69D0 /* minesweeperTests */ = {
			isa = PBXGroup;
			children = (
				0EFF954227BE5175003F69D0 /* minesweeperTests.swift */,
			);
			path = minesweeperTests;
			sourceTree = "<group>";
		};
		0EFF954B27BE5175003F69D0 /* minesweeperUITests */ = {
			isa = PBXGroup;
			children = (
				0EFF954C27BE5175003F69D0 /* minesweeperUITests.swift */,
				0EFF954E27BE5175003F69D0 /* minesweeperUITestsLaunchTests.swift */,
			);
			path = minesweeperUITests;
			sourceTree = "<group>";
		};
/* End PBXGroup section */

/* Begin PBXNativeTarget section */
		0EFF952D27BE5171003F69D0 /* minesweeper */ = {
			isa = PBXNativeTarget;
			buildConfigurationList = 0EFF955227BE5175003F69D0 /* Build configuration list for PBXNativeTarget "minesweeper" */;
			buildPhases = (
				0EFF952A27BE5171003F69D0 /* Sources */,
				0EFF952B27BE5171003F69D0 /* Frameworks */,
				0EFF952C27BE5171003F69D0 /* Resources */,
			);
			buildRules = (
			);
			dependencies = (
			);
			name = minesweeper;
			productName = minesweeper;
			productReference = 0EFF952E27BE5171003F69D0 /* minesweeper.app */;
			productType = "com.apple.product-type.application";
		};
		0EFF953D27BE5175003F69D0 /* minesweeperTests */ = {
			isa = PBXNativeTarget;
			buildConfigurationList = 0EFF955527BE5175003F69D0 /* Build configuration list for PBXNativeTarget "minesweeperTests" */;
			buildPhases = (
				0EFF953A27BE5175003F69D0 /* Sources */,
				0EFF953B27BE5175003F69D0 /* Frameworks */,
				0EFF953C27BE5175003F69D0 /* Resources */,
			);
			buildRules = (
			);
			dependencies = (
				0EFF954027BE5175003F69D0 /* PBXTargetDependency */,
			);
			name = minesweeperTests;
			productName = minesweeperTests;
			productReference = 0EFF953E27BE5175003F69D0 /* minesweeperTests.xctest */;
			productType = "com.apple.product-type.bundle.unit-test";
		};
		0EFF954727BE5175003F69D0 /* minesweeperUITests */ = {
			isa = PBXNativeTarget;
			buildConfigurationList = 0EFF955827BE5175003F69D0 /* Build configuration list for PBXNativeTarget "minesweeperUITests" */;
			buildPhases = (
				0EFF954427BE5175003F69D0 /* Sources */,
				0EFF954527BE5175003F69D0 /* Frameworks */,
				0EFF954627BE5175003F69D0 /* Resources */,
			);
			buildRules = (
			);
			dependencies = (
				0EFF954A27BE5175003F69D0 /* PBXTargetDependency */,
			);
			name = minesweeperUITests;
			productName = minesweeperUITests;
			productReference = 0EFF954827BE5175003F69D0 /* minesweeperUITests.xctest */;
			productType = "com.apple.product-type.bundle.ui-testing";
		};
/* End PBXNativeTarget section */

/* Begin PBXProject section */
		0EFF952627BE5171003F69D0 /* Project object */ = {
			isa = PBXProject;
			attributes = {
				BuildIndependentTargetsInParallel = 1;
				LastSwiftUpdateCheck = 1320;
				LastUpgradeCheck = 1320;
				TargetAttributes = {
					0EFF952D27BE5171003F69D0 = {
						CreatedOnToolsVersion = 13.2.1;
					};
					0EFF953D27BE5175003F69D0 = {
						CreatedOnToolsVersion = 13.2.1;
						TestTargetID = 0EFF952D27BE5171003F69D0;
					};
					0EFF954727BE5175003F69D0 = {
						CreatedOnToolsVersion = 13.2.1;
						TestTargetID = 0EFF952D27BE5171003F69D0;
					};
				};
			};
			buildConfigurationList = 0EFF952927BE5171003F69D0 /* Build configuration list for PBXProject "minesweeper" */;
			compatibilityVersion = "Xcode 13.0";
			developmentRegion = en;
			hasScannedForEncodings = 0;
			knownRegions = (
				en,
				Base,
			);
			mainGroup = 0EFF952527BE5171003F69D0;
			productRefGroup = 0EFF952F27BE5171003F69D0 /* Products */;
			projectDirPath = "";
			projectRoot = "";
			targets = (
				0EFF952D27BE5171003F69D0 /* minesweeper */,
				0EFF953D27BE5175003F69D0 /* minesweeperTests */,
				0EFF954727BE5175003F69D0 /* minesweeperUITests */,
			);
		};
/* End PBXProject section */

/* Begin PBXResourcesBuildPhase section */
		0EFF952C27BE5171003F69D0 /* Resources */ = {
			isa = PBXResourcesBuildPhase;
			buildActionMask = 2147483647;
			files = (
				0EFF953927BE5175003F69D0 /* Preview Assets.xcassets in Resources */,
				0EFF953627BE5175003F69D0 /* Assets.xcassets in Resources */,
			);
			runOnlyForDeploymentPostprocessing = 0;
		};
		0EFF953C27BE5175003F69D0 /* Resources */ = {
			isa = PBXResourcesBuildPhase;
			buildActionMask = 2147483647;
			files = (
			);
			runOnlyForDeploymentPostprocessing = 0;
		};
		0EFF954627BE5175003F69D0 /* Resources */ = {
			isa = PBXResourcesBuildPhase;
			buildActionMask = 2147483647;
			files = (
			);
			runOnlyForDeploymentPostprocessing = 0;
		};
/* End PBXResourcesBuildPhase section */

/* Begin PBXSourcesBuildPhase section */
		0EFF952A27BE5171003F69D0 /* Sources */ = {
			isa = PBXSourcesBuildPhase;
			buildActionMask = 2147483647;
			files = (
				0EFF953427BE5171003F69D0 /* ContentView.swift in Sources */,
				0EFF953227BE5171003F69D0 /* minesweeperApp.swift in Sources */,
			);
			runOnlyForDeploymentPostprocessing = 0;
		};
		0EFF953A27BE5175003F69D0 /* Sources */ = {
			isa = PBXSourcesBuildPhase;
			buildActionMask = 2147483647;
			files = (
				0EFF954327BE5175003F69D0 /* minesweeperTests.swift in Sources */,
			);
			runOnlyForDeploymentPostprocessing = 0;
		};
		0EFF954427BE5175003F69D0 /* Sources */ = {
			isa = PBXSourcesBuildPhase;
			buildActionMask = 2147483647;
			files = (
				0EFF954D27BE5175003F69D0 /* minesweeperUITests.swift in Sources */,
				0EFF954F27BE5175003F69D0 /* minesweeperUITestsLaunchTests.swift in Sources */,
			);
			runOnlyForDeploymentPostprocessing = 0;
		};
/* End PBXSourcesBuildPhase section */

/* Begin PBXTargetDependency section */
		0EFF954027BE5175003F69D0 /* PBXTargetDependency */ = {
			isa = PBXTargetDependency;
			target = 0EFF952D27BE5171003F69D0 /* minesweeper */;
			targetProxy = 0EFF953F27BE5175003F69D0 /* PBXContainerItemProxy */;
		};
		0EFF954A27BE5175003F69D0 /* PBXTargetDependency */ = {
			isa = PBXTargetDependency;
			target = 0EFF952D27BE5171003F69D0 /* minesweeper */;
			targetProxy = 0EFF954927BE5175003F69D0 /* PBXContainerItemProxy */;
		};
/* End PBXTargetDependency section */

/* Begin XCBuildConfiguration section */
		0EFF955027BE5175003F69D0 /* Debug */ = {
			isa = XCBuildConfiguration;
			buildSettings = {
				ALWAYS_SEARCH_USER_PATHS = NO;
				CLANG_ANALYZER_NONNULL = YES;
				CLANG_ANALYZER_NUMBER_OBJECT_CONVERSION = YES_AGGRESSIVE;
				CLANG_CXX_LANGUAGE_STANDARD = "gnu++17";
				CLANG_CXX_LIBRARY = "libc++";
				CLANG_ENABLE_MODULES = YES;
				CLANG_ENABLE_OBJC_ARC = YES;
				CLANG_ENABLE_OBJC_WEAK = YES;
				CLANG_WARN_BLOCK_CAPTURE_AUTORELEASING = YES;
				CLANG_WARN_BOOL_CONVERSION = YES;
				CLANG_WARN_COMMA = YES;
				CLANG_WARN_CONSTANT_CONVERSION = YES;
				CLANG_WARN_DEPRECATED_OBJC_IMPLEMENTATIONS = YES;
				CLANG_WARN_DIRECT_OBJC_ISA_USAGE = YES_ERROR;
				CLANG_WARN_DOCUMENTATION_COMMENTS = YES;
				CLANG_WARN_EMPTY_BODY = YES;
				CLANG_WARN_ENUM_CONVERSION = YES;
				CLANG_WARN_INFINITE_RECURSION = YES;
				CLANG_WARN_INT_CONVERSION = YES;
				CLANG_WARN_NON_LITERAL_NULL_CONVERSION = YES;
				CLANG_WARN_OBJC_IMPLICIT_RETAIN_SELF = YES;
				CLANG_WARN_OBJC_LITERAL_CONVERSION = YES;
				CLANG_WARN_OBJC_ROOT_CLASS = YES_ERROR;
				CLANG_WARN_QUOTED_INCLUDE_IN_FRAMEWORK_HEADER = YES;
				CLANG_WARN_RANGE_LOOP_ANALYSIS = YES;
				CLANG_WARN_STRICT_PROTOTYPES = YES;
				CLANG_WARN_SUSPICIOUS_MOVE = YES;
				CLANG_WARN_UNGUARDED_AVAILABILITY = YES_AGGRESSIVE;
				CLANG_WARN_UNREACHABLE_CODE = YES;
				CLANG_WARN__DUPLICATE_METHOD_MATCH = YES;
				COPY_PHASE_STRIP = NO;
				DEBUG_INFORMATION_FORMAT = dwarf;
				ENABLE_STRICT_OBJC_MSGSEND = YES;
				ENABLE_TESTABILITY = YES;
				GCC_C_LANGUAGE_STANDARD = gnu11;
				GCC_DYNAMIC_NO_PIC = NO;
				GCC_NO_COMMON_BLOCKS = YES;
				GCC_OPTIMIZATION_LEVEL = 0;
				GCC_PREPROCESSOR_DEFINITIONS = (
					"DEBUG=1",
					"$(inherited)",
				);
				GCC_WARN_64_TO_32_BIT_CONVERSION = YES;
				GCC_WARN_ABOUT_RETURN_TYPE = YES_ERROR;
				GCC_WARN_UNDECLARED_SELECTOR = YES;
				GCC_WARN_UNINITIALIZED_AUTOS = YES_AGGRESSIVE;
				GCC_WARN_UNUSED_FUNCTION = YES;
				GCC_WARN_UNUSED_VARIABLE = YES;
				IPHONEOS_DEPLOYMENT_TARGET = 15.2;
				MTL_ENABLE_DEBUG_INFO = INCLUDE_SOURCE;
				MTL_FAST_MATH = YES;
				ONLY_ACTIVE_ARCH = YES;
				SDKROOT = iphoneos;
				SWIFT_ACTIVE_COMPILATION_CONDITIONS = DEBUG;
				SWIFT_OPTIMIZATION_LEVEL = "-Onone";
			};
			name = Debug;
		};
		0EFF955127BE5175003F69D0 /* Release */ = {
			isa = XCBuildConfiguration;
			buildSettings = {
				ALWAYS_SEARCH_USER_PATHS = NO;
				CLANG_ANALYZER_NONNULL = YES;
				CLANG_ANALYZER_NUMBER_OBJECT_CONVERSION = YES_AGGRESSIVE;
				CLANG_CXX_LANGUAGE_STANDARD = "gnu++17";
				CLANG_CXX_LIBRARY = "libc++";
				CLANG_ENABLE_MODULES = YES;
				CLANG_ENABLE_OBJC_ARC = YES;
				CLANG_ENABLE_OBJC_WEAK = YES;
				CLANG_WARN_BLOCK_CAPTURE_AUTORELEASING = YES;
				CLANG_WARN_BOOL_CONVERSION = YES;
				CLANG_WARN_COMMA = YES;
				CLANG_WARN_CONSTANT_CONVERSION = YES;
				CLANG_WARN_DEPRECATED_OBJC_IMPLEMENTATIONS = YES;
				CLANG_WARN_DIRECT_OBJC_ISA_USAGE = YES_ERROR;
				CLANG_WARN_DOCUMENTATION_COMMENTS = YES;
				CLANG_WARN_EMPTY_BODY = YES;
				CLANG_WARN_ENUM_CONVERSION = YES;
				CLANG_WARN_INFINITE_RECURSION = YES;
				CLANG_WARN_INT_CONVERSION = YES;
				CLANG_WARN_NON_LITERAL_NULL_CONVERSION = YES;
				CLANG_WARN_OBJC_IMPLICIT_RETAIN_SELF = YES;
				CLANG_WARN_OBJC_LITERAL_CONVERSION = YES;
				CLANG_WARN_OBJC_ROOT_CLASS = YES_ERROR;
				CLANG_WARN_QUOTED_INCLUDE_IN_FRAMEWORK_HEADER = YES;
				CLANG_WARN_RANGE_LOOP_ANALYSIS = YES;
				CLANG_WARN_STRICT_PROTOTYPES = YES;
				CLANG_WARN_SUSPICIOUS_MOVE = YES;
				CLANG_WARN_UNGUARDED_AVAILABILITY = YES_AGGRESSIVE;
				CLANG_WARN_UNREACHABLE_CODE = YES;
				CLANG_WARN__DUPLICATE_METHOD_MATCH = YES;
				COPY_PHASE_STRIP = NO;
				DEBUG_INFORMATION_FORMAT = "dwarf-with-dsym";
				ENABLE_NS_ASSERTIONS = NO;
				ENABLE_STRICT_OBJC_MSGSEND = YES;
				GCC_C_LANGUAGE_STANDARD = gnu11;
				GCC_NO_COMMON_BLOCKS = YES;
				GCC_WARN_64_TO_32_BIT_CONVERSION = YES;
				GCC_WARN_ABOUT_RETURN_TYPE = YES_ERROR;
				GCC_WARN_UNDECLARED_SELECTOR = YES;
				GCC_WARN_UNINITIALIZED_AUTOS = YES_AGGRESSIVE;
				GCC_WARN_UNUSED_FUNCTION = YES;
				GCC_WARN_UNUSED_VARIABLE = YES;
				IPHONEOS_DEPLOYMENT_TARGET = 15.2;
				MTL_ENABLE_DEBUG_INFO = NO;
				MTL_FAST_MATH = YES;
				SDKROOT = iphoneos;
				SWIFT_COMPILATION_MODE = wholemodule;
				SWIFT_OPTIMIZATION_LEVEL = "-O";
				VALIDATE_PRODUCT = YES;
			};
			name = Release;
		};
		0EFF955327BE5175003F69D0 /* Debug */ = {
			isa = XCBuildConfiguration;
			buildSettings = {
				ASSETCATALOG_COMPILER_APPICON_NAME = AppIcon;
				ASSETCATALOG_COMPILER_GLOBAL_ACCENT_COLOR_NAME = AccentColor;
				CODE_SIGN_STYLE = Automatic;
				CURRENT_PROJECT_VERSION = 1;
				DEVELOPMENT_ASSET_PATHS = "\"minesweeper/Preview Content\"";
				ENABLE_PREVIEWS = YES;
				GENERATE_INFOPLIST_FILE = YES;
				INFOPLIST_KEY_UIApplicationSceneManifest_Generation = YES;
				INFOPLIST_KEY_UIApplicationSupportsIndirectInputEvents = YES;
				INFOPLIST_KEY_UILaunchScreen_Generation = YES;
				INFOPLIST_KEY_UISupportedInterfaceOrientations_iPad = "UIInterfaceOrientationPortrait UIInterfaceOrientationPortraitUpsideDown UIInterfaceOrientationLandscapeLeft UIInterfaceOrientationLandscapeRight";
				INFOPLIST_KEY_UISupportedInterfaceOrientations_iPhone = "UIInterfaceOrientationPortrait UIInterfaceOrientationLandscapeLeft UIInterfaceOrientationLandscapeRight";
				LD_RUNPATH_SEARCH_PATHS = (
					"$(inherited)",
					"@executable_path/Frameworks",
				);
				MARKETING_VERSION = 1.0;
				PRODUCT_BUNDLE_IDENTIFIER = cc.minesweeper;
				PRODUCT_NAME = "$(TARGET_NAME)";
				SWIFT_EMIT_LOC_STRINGS = YES;
				SWIFT_VERSION = 5.0;
				TARGETED_DEVICE_FAMILY = "1,2";
			};
			name = Debug;
		};
		0EFF955427BE5175003F69D0 /* Release */ = {
			isa = XCBuildConfiguration;
			buildSettings = {
				ASSETCATALOG_COMPILER_APPICON_NAME = AppIcon;
				ASSETCATALOG_COMPILER_GLOBAL_ACCENT_COLOR_NAME = AccentColor;
				CODE_SIGN_STYLE = Automatic;
				CURRENT_PROJECT_VERSION = 1;
				DEVELOPMENT_ASSET_PATHS = "\"minesweeper/Preview Content\"";
				ENABLE_PREVIEWS = YES;
				GENERATE_INFOPLIST_FILE = YES;
				INFOPLIST_KEY_UIApplicationSceneManifest_Generation = YES;
				INFOPLIST_KEY_UIApplicationSupportsIndirectInputEvents = YES;
				INFOPLIST_KEY_UILaunchScreen_Generation = YES;
				INFOPLIST_KEY_UISupportedInterfaceOrientations_iPad = "UIInterfaceOrientationPortrait UIInterfaceOrientationPortraitUpsideDown UIInterfaceOrientationLandscapeLeft UIInterfaceOrientationLandscapeRight";
				INFOPLIST_KEY_UISupportedInterfaceOrientations_iPhone = "UIInterfaceOrientationPortrait UIInterfaceOrientationLandscapeLeft UIInterfaceOrientationLandscapeRight";
				LD_RUNPATH_SEARCH_PATHS = (
					"$(inherited)",
					"@executable_path/Frameworks",
				);
				MARKETING_VERSION = 1.0;
				PRODUCT_BUNDLE_IDENTIFIER = cc.minesweeper;
				PRODUCT_NAME = "$(TARGET_NAME)";
				SWIFT_EMIT_LOC_STRINGS = YES;
				SWIFT_VERSION = 5.0;
				TARGETED_DEVICE_FAMILY = "1,2";
			};
			name = Release;
		};
		0EFF955627BE5175003F69D0 /* Debug */ = {
			isa = XCBuildConfiguration;
			buildSettings = {
				ALWAYS_EMBED_SWIFT_STANDARD_LIBRARIES = YES;
				BUNDLE_LOADER = "$(TEST_HOST)";
				CODE_SIGN_STYLE = Automatic;
				CURRENT_PROJECT_VERSION = 1;
				GENERATE_INFOPLIST_FILE = YES;
				IPHONEOS_DEPLOYMENT_TARGET = 15.2;
				MARKETING_VERSION = 1.0;
				PRODUCT_BUNDLE_IDENTIFIER = cc.minesweeperTests;
				PRODUCT_NAME = "$(TARGET_NAME)";
				SWIFT_EMIT_LOC_STRINGS = NO;
				SWIFT_VERSION = 5.0;
				TARGETED_DEVICE_FAMILY = "1,2";
				TEST_HOST = "$(BUILT_PRODUCTS_DIR)/minesweeper.app/minesweeper";
			};
			name = Debug;
		};
		0EFF955727BE5175003F69D0 /* Release */ = {
			isa = XCBuildConfiguration;
			buildSettings = {
				ALWAYS_EMBED_SWIFT_STANDARD_LIBRARIES = YES;
				BUNDLE_LOADER = "$(TEST_HOST)";
				CODE_SIGN_STYLE = Automatic;
				CURRENT_PROJECT_VERSION = 1;
				GENERATE_INFOPLIST_FILE = YES;
				IPHONEOS_DEPLOYMENT_TARGET = 15.2;
				MARKETING_VERSION = 1.0;
				PRODUCT_BUNDLE_IDENTIFIER = cc.minesweeperTests;
				PRODUCT_NAME = "$(TARGET_NAME)";
				SWIFT_EMIT_LOC_STRINGS = NO;
				SWIFT_VERSION = 5.0;
				TARGETED_DEVICE_FAMILY = "1,2";
				TEST_HOST = "$(BUILT_PRODUCTS_DIR)/minesweeper.app/minesweeper";
			};
			name = Release;
		};
		0EFF955927BE5175003F69D0 /* Debug */ = {
			isa = XCBuildConfiguration;
			buildSettings = {
				ALWAYS_EMBED_SWIFT_STANDARD_LIBRARIES = YES;
				CODE_SIGN_STYLE = Automatic;
				CURRENT_PROJECT_VERSION = 1;
				GENERATE_INFOPLIST_FILE = YES;
				MARKETING_VERSION = 1.0;
				PRODUCT_BUNDLE_IDENTIFIER = cc.minesweeperUITests;
				PRODUCT_NAME = "$(TARGET_NAME)";
				SWIFT_EMIT_LOC_STRINGS = NO;
				SWIFT_VERSION = 5.0;
				TARGETED_DEVICE_FAMILY = "1,2";
				TEST_TARGET_NAME = minesweeper;
			};
			name = Debug;
		};
		0EFF955A27BE5175003F69D0 /* Release */ = {
			isa = XCBuildConfiguration;
			buildSettings = {
				ALWAYS_EMBED_SWIFT_STANDARD_LIBRARIES = YES;
				CODE_SIGN_STYLE = Automatic;
				CURRENT_PROJECT_VERSION = 1;
				GENERATE_INFOPLIST_FILE = YES;
				MARKETING_VERSION = 1.0;
				PRODUCT_BUNDLE_IDENTIFIER = cc.minesweeperUITests;
				PRODUCT_NAME = "$(TARGET_NAME)";
				SWIFT_EMIT_LOC_STRINGS = NO;
				SWIFT_VERSION = 5.0;
				TARGETED_DEVICE_FAMILY = "1,2";
				TEST_TARGET_NAME = minesweeper;
			};
			name = Release;
		};
/* End XCBuildConfiguration section */

/* Begin XCConfigurationList section */
		0EFF952927BE5171003F69D0 /* Build configuration list for PBXProject "minesweeper" */ = {
			isa = XCConfigurationList;
			buildConfigurations = (
				0EFF955027BE5175003F69D0 /* Debug */,
				0EFF955127BE5175003F69D0 /* Release */,
			);
			defaultConfigurationIsVisible = 0;
			defaultConfigurationName = Release;
		};
		0EFF955227BE5175003F69D0 /* Build configuration list for PBXNativeTarget "minesweeper" */ = {
			isa = XCConfigurationList;
			buildConfigurations = (
				0EFF955327BE5175003F69D0 /* Debug */,
				0EFF955427BE5175003F69D0 /* Release */,
			);
			defaultConfigurationIsVisible = 0;
			defaultConfigurationName = Release;
		};
		0EFF955527BE5175003F69D0 /* Build configuration list for PBXNativeTarget "minesweeperTests" */ = {
			isa = XCConfigurationList;
			buildConfigurations = (
				0EFF955627BE5175003F69D0 /* Debug */,
				0EFF955727BE5175003F69D0 /* Release */,
			);
			defaultConfigurationIsVisible = 0;
			defaultConfigurationName = Release;
		};
		0EFF955827BE5175003F69D0 /* Build configuration list for PBXNativeTarget "minesweeperUITests" */ = {
			isa = XCConfigurationList;
			buildConfigurations = (
				0EFF955927BE5175003F69D0 /* Debug */,
				0EFF955A27BE5175003F69D0 /* Release */,
			);
			defaultConfigurationIsVisible = 0;
			defaultConfigurationName = Release;
		};
/* End XCConfigurationList section */
	};
	rootObject = 0EFF952627BE5171003F69D0 /* Project object */;
}
